Microsoft Visual Studio Solution File, Format Version 12.00
# Visual Studio Version 17
VisualStudioVersion = 17.0.31903.59
MinimumVisualStudioVersion = 10.0.40219.1
Project("{FAE04EC0-301F-11D3-BF4B-00C04F79EFBC}") = "CalcLibrary", "CalcLibrary\CalcLibrary.csproj", "{C8C6E1F1-1EAB-43EF-9B2E-1C45B9D7D5E3}"
EndProject
Project("{FAE04EC0-301F-11D3-BF4B-00C04F79EFBC}") = "CalcLibrary.Tests", "CalcLibrary.Tests\CalcLibrary.Tests.csproj", "{B1D3B5C1-2F2C-4B1D-B579-C1F8B93BD51D}"
EndProject
Global
	GlobalSection(SolutionConfigurationPlatforms) = preSolution
		Debug|Any CPU = Debug|Any CPU
		Release|Any CPU = Release|Any CPU
	EndGlobalSection
	GlobalSection(ProjectConfigurationPlatforms) = postSolution
		{C8C6E1F1-1EAB-43EF-9B2E-1C45B9D7D5E3}.Debug|Any CPU.ActiveCfg = Debug|Any CPU
		{C8C6E1F1-1EAB-43EF-9B2E-1C45B9D7D5E3}.Debug|Any CPU.Build.0 = Debug|Any CPU
		{C8C6E1F1-1EAB-43EF-9B2E-1C45B9D7D5E3}.Release|Any CPU.ActiveCfg = Release|Any CPU
		{C8C6E1F1-1EAB-43EF-9B2E-1C45B9D7D5E3}.Release|Any CPU.Build.0 = Release|Any CPU
		{B1D3B5C1-2F2C-4B1D-B579-C1F8B93BD51D}.Debug|Any CPU.ActiveCfg = Debug|Any CPU
		{B1D3B5C1-2F2C-4B1D-B579-C1F8B93BD51D}.Debug|Any CPU.Build.0 = Debug|Any CPU
		{B1D3B5C1-2F2C-4B1D-B579-C1F8B93BD51D}.Release|Any CPU.ActiveCfg = Release|Any CPU
		{B1D3B5C1-2F2C-4B1D-B579-C1F8B93BD51D}.Release|Any CPU.Build.0 = Release|Any CPU
	EndGlobalSection
	GlobalSection(SolutionProperties) = preSolution
		HideSolutionNode = FALSE
	EndGlobalSection
EndGlobal
