
Microsoft Visual Studio Solution File, Format Version 12.00
# Visual Studio Version 17
VisualStudioVersion = 17.14.36212.18 d17.14
MinimumVisualStudioVersion = 10.0.40219.1
Project("{FAE04EC0-301F-11D3-BF4B-00C04F79EFBC}") = "JwtAuthDemo", "JwtAuthDemo\JwtAuthDemo.csproj", "{0B1CEAAC-C0C2-445B-B608-B38B362A3F05}"
EndProject
Global
	GlobalSection(SolutionConfigurationPlatforms) = preSolution
		Debug|Any CPU = Debug|Any CPU
		Release|Any CPU = Release|Any CPU
	EndGlobalSection
	GlobalSection(ProjectConfigurationPlatforms) = postSolution
		{0B1CEAAC-C0C2-445B-B608-B38B362A3F05}.Debug|Any CPU.ActiveCfg = Debug|Any CPU
		{0B1CEAAC-C0C2-445B-B608-B38B362A3F05}.Debug|Any CPU.Build.0 = Debug|Any CPU
		{0B1CEAAC-C0C2-445B-B608-B38B362A3F05}.Release|Any CPU.ActiveCfg = Release|Any CPU
		{0B1CEAAC-C0C2-445B-B608-B38B362A3F05}.Release|Any CPU.Build.0 = Release|Any CPU
	EndGlobalSection
	GlobalSection(SolutionProperties) = preSolution
		HideSolutionNode = FALSE
	EndGlobalSection
	GlobalSection(ExtensibilityGlobals) = postSolution
		SolutionGuid = {5A0F6E16-D296-4156-8971-9B33A86E6A79}
	EndGlobalSection
EndGlobal
